version = 1
revision = 3
requires-python = ">=3.11"
resolution-markers = [
    "sys_platform == 'win32'",
    "sys_platform == 'darwin'",
]
supported-markers = [
    "sys_platform == 'win32'",
    "sys_platform == 'darwin'",
]

[[package]]
name = "monkeybrain"
version = "0.2.3"
source = { registry = "https://pypi.org/simple" }
dependencies = [
    { name = "python-dotenv", marker = "sys_platform == 'darwin' or sys_platform == 'win32'" },
]
sdist = { url = "https://files.pythonhosted.org/packages/9d/78/5db40539cd63a2497470dd3462a5b2264d5540c4d5770380d58002f11df8/monkeybrain-0.2.3.tar.gz", hash = "sha256:f627a08f037397e082867f9cf722731a1bddc02d05b9e832d72e7f3467b306a0", size = 5297, upload-time = "2025-10-21T13:42:00.551Z" }
wheels = [
    { url = "https://files.pythonhosted.org/packages/f4/66/56d7ecf6bc5f60f88e57e842da2249e38dfa2d67b5f1b8f1a8a503de9f67/monkeybrain-0.2.3-py3-none-any.whl", hash = "sha256:9b1f4de8575fa60ccc17787f624b05c747844c7fee0edc119be57eaeb501406e", size = 5641, upload-time = "2025-10-21T13:41:59.005Z" },
]

[[package]]
name = "python-dotenv"
version = "1.1.1"
source = { registry = "https://pypi.org/simple" }
sdist = { url = "https://files.pythonhosted.org/packages/f6/b0/4bc07ccd3572a2f9df7e6782f52b0c6c90dcbb803ac4a167702d7d0dfe1e/python_dotenv-1.1.1.tar.gz", hash = "sha256:a8a6399716257f45be6a007360200409fce5cda2661e3dec71d23dc15f6189ab", size = 41978, upload-time = "2025-06-24T04:21:07.341Z" }
wheels = [
    { url = "https://files.pythonhosted.org/packages/5f/ed/539768cf28c661b5b068d66d96a2f155c4971a5d55684a514c1a0e0dec2f/python_dotenv-1.1.1-py3-none-any.whl", hash = "sha256:31f23644fe2602f88ff55e1f5c79ba497e01224ee7737937930c448e4d0e24dc", size = 20556, upload-time = "2025-06-24T04:21:06.073Z" },
]

[[package]]
name = "td-uvmanagedprefab"
version = "0.0.1"
source = { virtual = "." }
dependencies = [
    { name = "tdp-touchutilcollection", marker = "sys_platform == 'darwin' or sys_platform == 'win32'" },
]

[package.dev-dependencies]
dev = [
    { name = "monkeybrain", marker = "sys_platform == 'darwin' or sys_platform == 'win32'" },
]

[package.metadata]
requires-dist = [{ name = "tdp-touchutilcollection", specifier = ">=0.4.0" }]

[package.metadata.requires-dev]
dev = [{ name = "monkeybrain", specifier = ">=0.2.3" }]

[[package]]
name = "tdp-touchutilcollection"
version = "0.4.0"
source = { registry = "https://pypi.org/simple" }
sdist = { url = "https://files.pythonhosted.org/packages/a7/a0/aac45fe567e913967e1de4e6c69e33d5dacfaff66b191cfafd5668c3ea63/tdp_touchutilcollection-0.4.0.tar.gz", hash = "sha256:4a2c3543d2f97e17fca737ca4de64b4807c05230ceb3174355eca13882e4efd9", size = 7278, upload-time = "2025-10-21T13:43:09.375Z" }
wheels = [
    { url = "https://files.pythonhosted.org/packages/3b/6e/c25b335b495a9407d8cc74819e219e07ad95b75b02929a4507ef5c79749f/tdp_touchutilcollection-0.4.0-py3-none-any.whl", hash = "sha256:456fb3c9e67e5388c8dbb9dac88acb05e0a3156712a950b865025bcf8fcaeef7", size = 10163, upload-time = "2025-10-21T13:43:08.398Z" },
]
